
Microsoft Visual Studio Solution File, Format Version 12.00
# Visual Studio Version 18
VisualStudioVersion = 18.1.11304.174
MinimumVisualStudioVersion = 10.0.40219.1
Project("{2150E333-8FDC-42A3-9474-1A3956D46DE8}") = "Solution Items", "Solution Items", "{5DC2F495-E7D5-4B05-A0E9-090888C3527D}"
	ProjectSection(SolutionItems) = preProject
		.editorconfig = .editorconfig
	EndProjectSection
EndProject
Project("{2150E333-8FDC-42A3-9474-1A3956D46DE8}") = "@Common", "@Common", "{AEB152ED-47DE-4836-AE46-D8516057C25F}"
EndProject
Project("{2150E333-8FDC-42A3-9474-1A3956D46DE8}") = "#Bl", "#Bl", "{02A240C0-C479-4818-AA60-D2F6732D11BB}"
EndProject
Project("{2150E333-8FDC-42A3-9474-1A3956D46DE8}") = "#Dal", "#Dal", "{ECA54171-BB70-4C02-A7E9-B7ED18CED3A3}"
EndProject
Project("{2150E333-8FDC-42A3-9474-1A3956D46DE8}") = "!Pl", "!Pl", "{9F697EC5-884B-4212-AF77-AD7ED26727B2}"
EndProject
Project("{2150E333-8FDC-42A3-9474-1A3956D46DE8}") = "CodeGenerator", "CodeGenerator", "{CA457BC0-88C2-4865-A89B-53FC11F9FD53}"
EndProject
Project("{2150E333-8FDC-42A3-9474-1A3956D46DE8}") = "#Domain", "#Domain", "{F66B8A6F-1548-4FFF-A850-09D60353FE97}"
EndProject
Project("{FAE04EC0-301F-11D3-BF4B-00C04F79EFBC}") = "Common.Helpers", "Common\Common.Helpers\Common.Helpers.csproj", "{194DD323-E553-20BC-FD78-793F571A8A62}"
EndProject
Project("{FAE04EC0-301F-11D3-BF4B-00C04F79EFBC}") = "Common.ConvertParams", "Common\Common.ConvertParams\Common.ConvertParams.csproj", "{E8FAEE28-6E2A-FEB3-654E-ABF7A1F9BB2B}"
EndProject
Project("{FAE04EC0-301F-11D3-BF4B-00C04F79EFBC}") = "Common.Enums", "Common\Common.Enums\Common.Enums.csproj", "{D56EA9BA-121F-FB34-AEB5-C95AB3EE9794}"
EndProject
Project("{FAE04EC0-301F-11D3-BF4B-00C04F79EFBC}") = "Common.SearchParams", "Common\Common.SearchParams\Common.SearchParams.csproj", "{E43A91B0-015A-5B7A-F015-D38044062C13}"
EndProject
Project("{FAE04EC0-301F-11D3-BF4B-00C04F79EFBC}") = "Entities", "Domain\Entities\Entities.csproj", "{F47EABB0-39AE-FDCA-D657-6434E5EB58CD}"
EndProject
Project("{FAE04EC0-301F-11D3-BF4B-00C04F79EFBC}") = "Common.Exceptions", "Common\Common.Exceptions\Common.Exceptions.csproj", "{05A1F185-2F6B-77E1-4DC3-DBF5A82D43D1}"
EndProject
Project("{FAE04EC0-301F-11D3-BF4B-00C04F79EFBC}") = "Common.Constants", "Common\Common.Constants\Common.Constants.csproj", "{3FE6D338-E007-3DAD-9161-7AA45D2CAA5E}"
EndProject
Project("{FAE04EC0-301F-11D3-BF4B-00C04F79EFBC}") = "Common.Attributes", "Common\Common.Attributes\Common.Attributes.csproj", "{F15D644E-51EB-4D43-8FB3-AF06430433E1}"
EndProject
Project("{2150E333-8FDC-42A3-9474-1A3956D46DE8}") = "@Tests", "@Tests", "{9033C018-CF70-4E55-93A3-6C5835E7056A}"
EndProject
Project("{FAE04EC0-301F-11D3-BF4B-00C04F79EFBC}") = "IntegrationTests", "Tests\IntegrationTests\IntegrationTests.csproj", "{C78EC81B-8B9A-457D-8E47-1CD3B0BC24F6}"
EndProject
Project("{FAE04EC0-301F-11D3-BF4B-00C04F79EFBC}") = "Dal.DbModels", "Dal\Dal.DbModels\Dal.DbModels.csproj", "{891E059F-D711-1752-052A-3C45C5FC96C0}"
EndProject
Project("{FAE04EC0-301F-11D3-BF4B-00C04F79EFBC}") = "Dal.Implementations", "Dal\Dal.Implementations\Dal.Implementations.csproj", "{DE04828D-EC10-4712-3735-582FB5AE490F}"
EndProject
Project("{FAE04EC0-301F-11D3-BF4B-00C04F79EFBC}") = "Dal.Interfaces", "Dal\Dal.Interfaces\Dal.Interfaces.csproj", "{DF875A3A-0C28-B397-2520-634FDD7D44FB}"
EndProject
Project("{FAE04EC0-301F-11D3-BF4B-00C04F79EFBC}") = "Dal.Migrator", "Dal\Dal.Migrator\Dal.Migrator.csproj", "{C7B991F2-56E5-D3BC-BE77-B347FF583925}"
EndProject
Project("{FAE04EC0-301F-11D3-BF4B-00C04F79EFBC}") = "Dal.DependencyInjection", "Dal\Dal.DependencyInjection\Dal.DependencyInjection.csproj", "{E63F1F1F-17E6-8630-15E1-78D4660F1B6A}"
EndProject
Project("{FAE04EC0-301F-11D3-BF4B-00C04F79EFBC}") = "ServerCodeGenerator", "CodeGeneration\ServerCodeGenerator\ServerCodeGenerator.csproj", "{BA0346C7-5610-0601-6AE8-94BAC21DF651}"
EndProject
Project("{FAE04EC0-301F-11D3-BF4B-00C04F79EFBC}") = "Dto", "Domain\Dto\Dto.csproj", "{B186BE15-58C9-4070-53D1-31D5AEA5BEA8}"
EndProject
Project("{FAE04EC0-301F-11D3-BF4B-00C04F79EFBC}") = "Bl.DependencyInjection", "Bl\Bl.DependencyInjection\Bl.DependencyInjection.csproj", "{B3C2BE14-8242-DB7E-9C5B-FE9FD4951ADA}"
EndProject
Project("{FAE04EC0-301F-11D3-BF4B-00C04F79EFBC}") = "Bl.Implementations", "Bl\Bl.Implementations\Bl.Implementations.csproj", "{24068BF2-0F67-1B05-FAC8-53E9D5A3E8EB}"
EndProject
Project("{FAE04EC0-301F-11D3-BF4B-00C04F79EFBC}") = "Bl.Interfaces", "Bl\Bl.Interfaces\Bl.Interfaces.csproj", "{2EACCD0F-4588-64F0-DF37-DA0406CC155A}"
EndProject
Project("{FAE04EC0-301F-11D3-BF4B-00C04F79EFBC}") = "Dal.Ef", "Dal\Dal.Ef\Dal.Ef.csproj", "{8F336B9E-EE8B-5948-F7DA-C1FDCEEF3F9A}"
EndProject
Project("{2150E333-8FDC-42A3-9474-1A3956D46DE8}") = "Api", "Api", "{AAC424C5-30EC-4B0C-9519-6EAF4417A3D7}"
EndProject
Project("{2150E333-8FDC-42A3-9474-1A3956D46DE8}") = "Http", "Http", "{222F3363-8B2F-4264-BB9B-E24A6318BF35}"
EndProject
Project("{FAE04EC0-301F-11D3-BF4B-00C04F79EFBC}") = "Pl.Api.Host", "Pl\Api\Pl.Api.Host\Pl.Api.Host.csproj", "{66753A2C-6E6D-6E96-9B6A-F2D68D63A079}"
EndProject
Project("{FAE04EC0-301F-11D3-BF4B-00C04F79EFBC}") = "Pl.Api.Http.Dtos", "Pl\Api\Http\Pl.Api.Http.Dtos\Pl.Api.Http.Dtos.csproj", "{6D2538DC-3C58-4188-8CCB-AE6ABB74712B}"
EndProject
Project("{FAE04EC0-301F-11D3-BF4B-00C04F79EFBC}") = "Pl.Api.Http.Mappers", "Pl\Api\Http\Pl.Api.Http.Mappers\Pl.Api.Http.Mappers.csproj", "{DD801258-60C4-4BE3-8CAE-EEF444073040}"
EndProject
Project("{FAE04EC0-301F-11D3-BF4B-00C04F79EFBC}") = "Pl.Api.Http.Controllers", "Pl\Api\Http\Pl.Api.Http.Controllers\Pl.Api.Http.Controllers.csproj", "{E668AF3F-2861-40EA-A8F2-160B9FAD0EBE}"
EndProject
Project("{FAE04EC0-301F-11D3-BF4B-00C04F79EFBC}") = "Pl.Api.Http.Composition", "Pl\Api\Http\Pl.Api.Http.Composition\Pl.Api.Http.Composition.csproj", "{8A9338F3-6788-4D8C-9EC7-42FC02F69934}"
EndProject
Project("{FAE04EC0-301F-11D3-BF4B-00C04F79EFBC}") = "Pl.Api.Http.Middlewares", "Pl\Api\Http\Pl.Api.Http.Middlewares\Pl.Api.Http.Middlewares.csproj", "{A6E971CD-C184-4266-818A-5D0E7C04B497}"
EndProject
Global
	GlobalSection(SolutionConfigurationPlatforms) = preSolution
		Debug|Any CPU = Debug|Any CPU
		Release|Any CPU = Release|Any CPU
	EndGlobalSection
	GlobalSection(ProjectConfigurationPlatforms) = postSolution
		{194DD323-E553-20BC-FD78-793F571A8A62}.Debug|Any CPU.ActiveCfg = Debug|Any CPU
		{194DD323-E553-20BC-FD78-793F571A8A62}.Debug|Any CPU.Build.0 = Debug|Any CPU
		{194DD323-E553-20BC-FD78-793F571A8A62}.Release|Any CPU.ActiveCfg = Release|Any CPU
		{194DD323-E553-20BC-FD78-793F571A8A62}.Release|Any CPU.Build.0 = Release|Any CPU
		{E8FAEE28-6E2A-FEB3-654E-ABF7A1F9BB2B}.Debug|Any CPU.ActiveCfg = Debug|Any CPU
		{E8FAEE28-6E2A-FEB3-654E-ABF7A1F9BB2B}.Debug|Any CPU.Build.0 = Debug|Any CPU
		{E8FAEE28-6E2A-FEB3-654E-ABF7A1F9BB2B}.Release|Any CPU.ActiveCfg = Release|Any CPU
		{E8FAEE28-6E2A-FEB3-654E-ABF7A1F9BB2B}.Release|Any CPU.Build.0 = Release|Any CPU
		{D56EA9BA-121F-FB34-AEB5-C95AB3EE9794}.Debug|Any CPU.ActiveCfg = Debug|Any CPU
		{D56EA9BA-121F-FB34-AEB5-C95AB3EE9794}.Debug|Any CPU.Build.0 = Debug|Any CPU
		{D56EA9BA-121F-FB34-AEB5-C95AB3EE9794}.Release|Any CPU.ActiveCfg = Release|Any CPU
		{D56EA9BA-121F-FB34-AEB5-C95AB3EE9794}.Release|Any CPU.Build.0 = Release|Any CPU
		{E43A91B0-015A-5B7A-F015-D38044062C13}.Debug|Any CPU.ActiveCfg = Debug|Any CPU
		{E43A91B0-015A-5B7A-F015-D38044062C13}.Debug|Any CPU.Build.0 = Debug|Any CPU
		{E43A91B0-015A-5B7A-F015-D38044062C13}.Release|Any CPU.ActiveCfg = Release|Any CPU
		{E43A91B0-015A-5B7A-F015-D38044062C13}.Release|Any CPU.Build.0 = Release|Any CPU
		{F47EABB0-39AE-FDCA-D657-6434E5EB58CD}.Debug|Any CPU.ActiveCfg = Debug|Any CPU
		{F47EABB0-39AE-FDCA-D657-6434E5EB58CD}.Debug|Any CPU.Build.0 = Debug|Any CPU
		{F47EABB0-39AE-FDCA-D657-6434E5EB58CD}.Release|Any CPU.ActiveCfg = Release|Any CPU
		{F47EABB0-39AE-FDCA-D657-6434E5EB58CD}.Release|Any CPU.Build.0 = Release|Any CPU
		{05A1F185-2F6B-77E1-4DC3-DBF5A82D43D1}.Debug|Any CPU.ActiveCfg = Debug|Any CPU
		{05A1F185-2F6B-77E1-4DC3-DBF5A82D43D1}.Debug|Any CPU.Build.0 = Debug|Any CPU
		{05A1F185-2F6B-77E1-4DC3-DBF5A82D43D1}.Release|Any CPU.ActiveCfg = Release|Any CPU
		{05A1F185-2F6B-77E1-4DC3-DBF5A82D43D1}.Release|Any CPU.Build.0 = Release|Any CPU
		{3FE6D338-E007-3DAD-9161-7AA45D2CAA5E}.Debug|Any CPU.ActiveCfg = Debug|Any CPU
		{3FE6D338-E007-3DAD-9161-7AA45D2CAA5E}.Debug|Any CPU.Build.0 = Debug|Any CPU
		{3FE6D338-E007-3DAD-9161-7AA45D2CAA5E}.Release|Any CPU.ActiveCfg = Release|Any CPU
		{3FE6D338-E007-3DAD-9161-7AA45D2CAA5E}.Release|Any CPU.Build.0 = Release|Any CPU
		{F15D644E-51EB-4D43-8FB3-AF06430433E1}.Debug|Any CPU.ActiveCfg = Debug|Any CPU
		{F15D644E-51EB-4D43-8FB3-AF06430433E1}.Debug|Any CPU.Build.0 = Debug|Any CPU
		{F15D644E-51EB-4D43-8FB3-AF06430433E1}.Release|Any CPU.ActiveCfg = Release|Any CPU
		{F15D644E-51EB-4D43-8FB3-AF06430433E1}.Release|Any CPU.Build.0 = Release|Any CPU
		{C78EC81B-8B9A-457D-8E47-1CD3B0BC24F6}.Debug|Any CPU.ActiveCfg = Debug|Any CPU
		{C78EC81B-8B9A-457D-8E47-1CD3B0BC24F6}.Debug|Any CPU.Build.0 = Debug|Any CPU
		{C78EC81B-8B9A-457D-8E47-1CD3B0BC24F6}.Release|Any CPU.ActiveCfg = Release|Any CPU
		{C78EC81B-8B9A-457D-8E47-1CD3B0BC24F6}.Release|Any CPU.Build.0 = Release|Any CPU
		{891E059F-D711-1752-052A-3C45C5FC96C0}.Debug|Any CPU.ActiveCfg = Debug|Any CPU
		{891E059F-D711-1752-052A-3C45C5FC96C0}.Debug|Any CPU.Build.0 = Debug|Any CPU
		{891E059F-D711-1752-052A-3C45C5FC96C0}.Release|Any CPU.ActiveCfg = Release|Any CPU
		{891E059F-D711-1752-052A-3C45C5FC96C0}.Release|Any CPU.Build.0 = Release|Any CPU
		{DE04828D-EC10-4712-3735-582FB5AE490F}.Debug|Any CPU.ActiveCfg = Debug|Any CPU
		{DE04828D-EC10-4712-3735-582FB5AE490F}.Debug|Any CPU.Build.0 = Debug|Any CPU
		{DE04828D-EC10-4712-3735-582FB5AE490F}.Release|Any CPU.ActiveCfg = Release|Any CPU
		{DE04828D-EC10-4712-3735-582FB5AE490F}.Release|Any CPU.Build.0 = Release|Any CPU
		{DF875A3A-0C28-B397-2520-634FDD7D44FB}.Debug|Any CPU.ActiveCfg = Debug|Any CPU
		{DF875A3A-0C28-B397-2520-634FDD7D44FB}.Debug|Any CPU.Build.0 = Debug|Any CPU
		{DF875A3A-0C28-B397-2520-634FDD7D44FB}.Release|Any CPU.ActiveCfg = Release|Any CPU
		{DF875A3A-0C28-B397-2520-634FDD7D44FB}.Release|Any CPU.Build.0 = Release|Any CPU
		{C7B991F2-56E5-D3BC-BE77-B347FF583925}.Debug|Any CPU.ActiveCfg = Debug|Any CPU
		{C7B991F2-56E5-D3BC-BE77-B347FF583925}.Debug|Any CPU.Build.0 = Debug|Any CPU
		{C7B991F2-56E5-D3BC-BE77-B347FF583925}.Release|Any CPU.ActiveCfg = Release|Any CPU
		{C7B991F2-56E5-D3BC-BE77-B347FF583925}.Release|Any CPU.Build.0 = Release|Any CPU
		{E63F1F1F-17E6-8630-15E1-78D4660F1B6A}.Debug|Any CPU.ActiveCfg = Debug|Any CPU
		{E63F1F1F-17E6-8630-15E1-78D4660F1B6A}.Debug|Any CPU.Build.0 = Debug|Any CPU
		{E63F1F1F-17E6-8630-15E1-78D4660F1B6A}.Release|Any CPU.ActiveCfg = Release|Any CPU
		{E63F1F1F-17E6-8630-15E1-78D4660F1B6A}.Release|Any CPU.Build.0 = Release|Any CPU
		{BA0346C7-5610-0601-6AE8-94BAC21DF651}.Debug|Any CPU.ActiveCfg = Debug|Any CPU
		{BA0346C7-5610-0601-6AE8-94BAC21DF651}.Debug|Any CPU.Build.0 = Debug|Any CPU
		{BA0346C7-5610-0601-6AE8-94BAC21DF651}.Release|Any CPU.ActiveCfg = Release|Any CPU
		{BA0346C7-5610-0601-6AE8-94BAC21DF651}.Release|Any CPU.Build.0 = Release|Any CPU
		{B186BE15-58C9-4070-53D1-31D5AEA5BEA8}.Debug|Any CPU.ActiveCfg = Debug|Any CPU
		{B186BE15-58C9-4070-53D1-31D5AEA5BEA8}.Debug|Any CPU.Build.0 = Debug|Any CPU
		{B186BE15-58C9-4070-53D1-31D5AEA5BEA8}.Release|Any CPU.ActiveCfg = Release|Any CPU
		{B186BE15-58C9-4070-53D1-31D5AEA5BEA8}.Release|Any CPU.Build.0 = Release|Any CPU
		{B3C2BE14-8242-DB7E-9C5B-FE9FD4951ADA}.Debug|Any CPU.ActiveCfg = Debug|Any CPU
		{B3C2BE14-8242-DB7E-9C5B-FE9FD4951ADA}.Debug|Any CPU.Build.0 = Debug|Any CPU
		{B3C2BE14-8242-DB7E-9C5B-FE9FD4951ADA}.Release|Any CPU.ActiveCfg = Release|Any CPU
		{B3C2BE14-8242-DB7E-9C5B-FE9FD4951ADA}.Release|Any CPU.Build.0 = Release|Any CPU
		{24068BF2-0F67-1B05-FAC8-53E9D5A3E8EB}.Debug|Any CPU.ActiveCfg = Debug|Any CPU
		{24068BF2-0F67-1B05-FAC8-53E9D5A3E8EB}.Debug|Any CPU.Build.0 = Debug|Any CPU
		{24068BF2-0F67-1B05-FAC8-53E9D5A3E8EB}.Release|Any CPU.ActiveCfg = Release|Any CPU
		{24068BF2-0F67-1B05-FAC8-53E9D5A3E8EB}.Release|Any CPU.Build.0 = Release|Any CPU
		{2EACCD0F-4588-64F0-DF37-DA0406CC155A}.Debug|Any CPU.ActiveCfg = Debug|Any CPU
		{2EACCD0F-4588-64F0-DF37-DA0406CC155A}.Debug|Any CPU.Build.0 = Debug|Any CPU
		{2EACCD0F-4588-64F0-DF37-DA0406CC155A}.Release|Any CPU.ActiveCfg = Release|Any CPU
		{2EACCD0F-4588-64F0-DF37-DA0406CC155A}.Release|Any CPU.Build.0 = Release|Any CPU
		{8F336B9E-EE8B-5948-F7DA-C1FDCEEF3F9A}.Debug|Any CPU.ActiveCfg = Debug|Any CPU
		{8F336B9E-EE8B-5948-F7DA-C1FDCEEF3F9A}.Debug|Any CPU.Build.0 = Debug|Any CPU
		{8F336B9E-EE8B-5948-F7DA-C1FDCEEF3F9A}.Release|Any CPU.ActiveCfg = Release|Any CPU
		{8F336B9E-EE8B-5948-F7DA-C1FDCEEF3F9A}.Release|Any CPU.Build.0 = Release|Any CPU
		{66753A2C-6E6D-6E96-9B6A-F2D68D63A079}.Debug|Any CPU.ActiveCfg = Debug|Any CPU
		{66753A2C-6E6D-6E96-9B6A-F2D68D63A079}.Debug|Any CPU.Build.0 = Debug|Any CPU
		{66753A2C-6E6D-6E96-9B6A-F2D68D63A079}.Release|Any CPU.ActiveCfg = Release|Any CPU
		{66753A2C-6E6D-6E96-9B6A-F2D68D63A079}.Release|Any CPU.Build.0 = Release|Any CPU
		{6D2538DC-3C58-4188-8CCB-AE6ABB74712B}.Debug|Any CPU.ActiveCfg = Debug|Any CPU
		{6D2538DC-3C58-4188-8CCB-AE6ABB74712B}.Debug|Any CPU.Build.0 = Debug|Any CPU
		{6D2538DC-3C58-4188-8CCB-AE6ABB74712B}.Release|Any CPU.ActiveCfg = Release|Any CPU
		{6D2538DC-3C58-4188-8CCB-AE6ABB74712B}.Release|Any CPU.Build.0 = Release|Any CPU
		{DD801258-60C4-4BE3-8CAE-EEF444073040}.Debug|Any CPU.ActiveCfg = Debug|Any CPU
		{DD801258-60C4-4BE3-8CAE-EEF444073040}.Debug|Any CPU.Build.0 = Debug|Any CPU
		{DD801258-60C4-4BE3-8CAE-EEF444073040}.Release|Any CPU.ActiveCfg = Release|Any CPU
		{DD801258-60C4-4BE3-8CAE-EEF444073040}.Release|Any CPU.Build.0 = Release|Any CPU
		{E668AF3F-2861-40EA-A8F2-160B9FAD0EBE}.Debug|Any CPU.ActiveCfg = Debug|Any CPU
		{E668AF3F-2861-40EA-A8F2-160B9FAD0EBE}.Debug|Any CPU.Build.0 = Debug|Any CPU
		{E668AF3F-2861-40EA-A8F2-160B9FAD0EBE}.Release|Any CPU.ActiveCfg = Release|Any CPU
		{E668AF3F-2861-40EA-A8F2-160B9FAD0EBE}.Release|Any CPU.Build.0 = Release|Any CPU
		{8A9338F3-6788-4D8C-9EC7-42FC02F69934}.Debug|Any CPU.ActiveCfg = Debug|Any CPU
		{8A9338F3-6788-4D8C-9EC7-42FC02F69934}.Debug|Any CPU.Build.0 = Debug|Any CPU
		{8A9338F3-6788-4D8C-9EC7-42FC02F69934}.Release|Any CPU.ActiveCfg = Release|Any CPU
		{8A9338F3-6788-4D8C-9EC7-42FC02F69934}.Release|Any CPU.Build.0 = Release|Any CPU
		{A6E971CD-C184-4266-818A-5D0E7C04B497}.Debug|Any CPU.ActiveCfg = Debug|Any CPU
		{A6E971CD-C184-4266-818A-5D0E7C04B497}.Debug|Any CPU.Build.0 = Debug|Any CPU
		{A6E971CD-C184-4266-818A-5D0E7C04B497}.Release|Any CPU.ActiveCfg = Release|Any CPU
		{A6E971CD-C184-4266-818A-5D0E7C04B497}.Release|Any CPU.Build.0 = Release|Any CPU
	EndGlobalSection
	GlobalSection(SolutionProperties) = preSolution
		HideSolutionNode = FALSE
	EndGlobalSection
	GlobalSection(NestedProjects) = preSolution
		{194DD323-E553-20BC-FD78-793F571A8A62} = {AEB152ED-47DE-4836-AE46-D8516057C25F}
		{E8FAEE28-6E2A-FEB3-654E-ABF7A1F9BB2B} = {AEB152ED-47DE-4836-AE46-D8516057C25F}
		{D56EA9BA-121F-FB34-AEB5-C95AB3EE9794} = {AEB152ED-47DE-4836-AE46-D8516057C25F}
		{E43A91B0-015A-5B7A-F015-D38044062C13} = {AEB152ED-47DE-4836-AE46-D8516057C25F}
		{F47EABB0-39AE-FDCA-D657-6434E5EB58CD} = {F66B8A6F-1548-4FFF-A850-09D60353FE97}
		{05A1F185-2F6B-77E1-4DC3-DBF5A82D43D1} = {AEB152ED-47DE-4836-AE46-D8516057C25F}
		{3FE6D338-E007-3DAD-9161-7AA45D2CAA5E} = {AEB152ED-47DE-4836-AE46-D8516057C25F}
		{F15D644E-51EB-4D43-8FB3-AF06430433E1} = {AEB152ED-47DE-4836-AE46-D8516057C25F}
		{C78EC81B-8B9A-457D-8E47-1CD3B0BC24F6} = {9033C018-CF70-4E55-93A3-6C5835E7056A}
		{891E059F-D711-1752-052A-3C45C5FC96C0} = {ECA54171-BB70-4C02-A7E9-B7ED18CED3A3}
		{DE04828D-EC10-4712-3735-582FB5AE490F} = {ECA54171-BB70-4C02-A7E9-B7ED18CED3A3}
		{DF875A3A-0C28-B397-2520-634FDD7D44FB} = {ECA54171-BB70-4C02-A7E9-B7ED18CED3A3}
		{C7B991F2-56E5-D3BC-BE77-B347FF583925} = {ECA54171-BB70-4C02-A7E9-B7ED18CED3A3}
		{E63F1F1F-17E6-8630-15E1-78D4660F1B6A} = {ECA54171-BB70-4C02-A7E9-B7ED18CED3A3}
		{BA0346C7-5610-0601-6AE8-94BAC21DF651} = {CA457BC0-88C2-4865-A89B-53FC11F9FD53}
		{B186BE15-58C9-4070-53D1-31D5AEA5BEA8} = {F66B8A6F-1548-4FFF-A850-09D60353FE97}
		{B3C2BE14-8242-DB7E-9C5B-FE9FD4951ADA} = {02A240C0-C479-4818-AA60-D2F6732D11BB}
		{24068BF2-0F67-1B05-FAC8-53E9D5A3E8EB} = {02A240C0-C479-4818-AA60-D2F6732D11BB}
		{2EACCD0F-4588-64F0-DF37-DA0406CC155A} = {02A240C0-C479-4818-AA60-D2F6732D11BB}
		{8F336B9E-EE8B-5948-F7DA-C1FDCEEF3F9A} = {ECA54171-BB70-4C02-A7E9-B7ED18CED3A3}
		{AAC424C5-30EC-4B0C-9519-6EAF4417A3D7} = {9F697EC5-884B-4212-AF77-AD7ED26727B2}
		{222F3363-8B2F-4264-BB9B-E24A6318BF35} = {AAC424C5-30EC-4B0C-9519-6EAF4417A3D7}
		{66753A2C-6E6D-6E96-9B6A-F2D68D63A079} = {AAC424C5-30EC-4B0C-9519-6EAF4417A3D7}
		{6D2538DC-3C58-4188-8CCB-AE6ABB74712B} = {222F3363-8B2F-4264-BB9B-E24A6318BF35}
		{DD801258-60C4-4BE3-8CAE-EEF444073040} = {222F3363-8B2F-4264-BB9B-E24A6318BF35}
		{E668AF3F-2861-40EA-A8F2-160B9FAD0EBE} = {222F3363-8B2F-4264-BB9B-E24A6318BF35}
		{8A9338F3-6788-4D8C-9EC7-42FC02F69934} = {222F3363-8B2F-4264-BB9B-E24A6318BF35}
		{A6E971CD-C184-4266-818A-5D0E7C04B497} = {222F3363-8B2F-4264-BB9B-E24A6318BF35}
	EndGlobalSection
	GlobalSection(ExtensibilityGlobals) = postSolution
		SolutionGuid = {5C1911E6-9DD4-45B3-BEB7-0842A0A7207D}
	EndGlobalSection
EndGlobal
